// !$*UTF8*$!
{
	archiveVersion = 1;
	classes = {
	};
	objectVersion = 46;
	objects = {

/* Begin PBXBuildFile section */
		2804A9981E68849B0085E9EA /* AppDelegate.swift in Sources */ = {isa = PBXBuildFile; fileRef = 28EFD28B1E676E6F00CBE053 /* AppDelegate.swift */; };
		28EFD2911E676E6F00CBE053 /* Main.storyboard in Resources */ = {isa = PBXBuildFile; fileRef = 28EFD28F1E676E6F00CBE053 /* Main.storyboard */; };
		28EFD2931E676E6F00CBE053 /* Assets.xcassets in Resources */ = {isa = PBXBuildFile; fileRef = 28EFD2921E676E6F00CBE053 /* Assets.xcassets */; };
		28EFD2961E676E6F00CBE053 /* LaunchScreen.storyboard in Resources */ = {isa = PBXBuildFile; fileRef = 28EFD2941E676E6F00CBE053 /* LaunchScreen.storyboard */; };
		28EFD29E1E67717C00CBE053 /* Calculator.swift in Sources */ = {isa = PBXBuildFile; fileRef = 28EFD29D1E67717C00CBE053 /* Calculator.swift */; };
		28EFD2A21E67746100CBE053 /* CalcViewController.swift in Sources */ = {isa = PBXBuildFile; fileRef = 28EFD2A11E67746100CBE053 /* CalcViewController.swift */; };
/* End PBXBuildFile section */

/* Begin PBXFileReference section */
		28EFD2881E676E6F00CBE053 /* OSAGO.app */ = {isa = PBXFileReference; explicitFileType = wrapper.application; includeInIndex = 0; path = OSAGO.app; sourceTree = BUILT_PRODUCTS_DIR; };
		28EFD28B1E676E6F00CBE053 /* AppDelegate.swift */ = {isa = PBXFileReference; lastKnownFileType = sourcecode.swift; path = AppDelegate.swift; sourceTree = "<group>"; };
		28EFD2901E676E6F00CBE053 /* Base */ = {isa = PBXFileReference; lastKnownFileType = file.storyboard; name = Base; path = Base.lproj/Main.storyboard; sourceTree = "<group>"; };
		28EFD2921E676E6F00CBE053 /* Assets.xcassets */ = {isa = PBXFileReference; lastKnownFileType = folder.assetcatalog; path = Assets.xcassets; sourceTree = "<group>"; };
		28EFD2951E676E6F00CBE053 /* Base */ = {isa = PBXFileReference; lastKnownFileType = file.storyboard; name = Base; path = Base.lproj/LaunchScreen.storyboard; sourceTree = "<group>"; };
		28EFD2971E676E6F00CBE053 /* Info.plist */ = {isa = PBXFileReference; lastKnownFileType = text.plist.xml; path = Info.plist; sourceTree = "<group>"; };
		28EFD29D1E67717C00CBE053 /* Calculator.swift */ = {isa = PBXFileReference; fileEncoding = 4; lastKnownFileType = sourcecode.swift; path = Calculator.swift; sourceTree = "<group>"; };
		28EFD2A11E67746100CBE053 /* CalcViewController.swift */ = {isa = PBXFileReference; fileEncoding = 4; lastKnownFileType = sourcecode.swift; path = CalcViewController.swift; sourceTree = "<group>"; };
/* End PBXFileReference section */

/* Begin PBXFrameworksBuildPhase section */
		28EFD2851E676E6F00CBE053 /* Frameworks */ = {
			isa = PBXFrameworksBuildPhase;
			buildActionMask = 2147483647;
			files = (
			);
			runOnlyForDeploymentPostprocessing = 0;
		};
/* End PBXFrameworksBuildPhase section */

/* Begin PBXGroup section */
		28EFD27F1E676E6F00CBE053 = {
			isa = PBXGroup;
			children = (
				28EFD28A1E676E6F00CBE053 /* OSAGO */,
				28EFD2891E676E6F00CBE053 /* Products */,
			);
			sourceTree = "<group>";
		};
		28EFD2891E676E6F00CBE053 /* Products */ = {
			isa = PBXGroup;
			children = (
				28EFD2881E676E6F00CBE053 /* OSAGO.app */,
			);
			name = Products;
			sourceTree = "<group>";
		};
		28EFD28A1E676E6F00CBE053 /* OSAGO */ = {
			isa = PBXGroup;
			children = (
				28EFD28B1E676E6F00CBE053 /* AppDelegate.swift */,
				28EFD2A11E67746100CBE053 /* CalcViewController.swift */,
				28EFD29D1E67717C00CBE053 /* Calculator.swift */,
				28EFD28F1E676E6F00CBE053 /* Main.storyboard */,
				28EFD2921E676E6F00CBE053 /* Assets.xcassets */,
				28EFD2941E676E6F00CBE053 /* LaunchScreen.storyboard */,
				28EFD2971E676E6F00CBE053 /* Info.plist */,
			);
			path = OSAGO;
			sourceTree = "<group>";
		};
/* End PBXGroup section */

/* Begin PBXNativeTarget section */
		28EFD2871E676E6F00CBE053 /* OSAGO */ = {
			isa = PBXNativeTarget;
			buildConfigurationList = 28EFD29A1E676E6F00CBE053 /* Build configuration list for PBXNativeTarget "OSAGO" */;
			buildPhases = (
				28EFD2841E676E6F00CBE053 /* Sources */,
				28EFD2851E676E6F00CBE053 /* Frameworks */,
				28EFD2861E676E6F00CBE053 /* Resources */,
			);
			buildRules = (
			);
			dependencies = (
			);
			name = OSAGO;
			productName = OSAGO;
			productReference = 28EFD2881E676E6F00CBE053 /* OSAGO.app */;
			productType = "com.apple.product-type.application";
		};
/* End PBXNativeTarget section */

/* Begin PBXProject section */
		28EFD2801E676E6F00CBE053 /* Project object */ = {
			isa = PBXProject;
			attributes = {
				LastSwiftUpdateCheck = 0820;
				LastUpgradeCheck = 0820;
				ORGANIZATIONNAME = "Дмитрий";
				TargetAttributes = {
					28EFD2871E676E6F00CBE053 = {
						CreatedOnToolsVersion = 8.2.1;
						ProvisioningStyle = Automatic;
					};
				};
			};
			buildConfigurationList = 28EFD2831E676E6F00CBE053 /* Build configuration list for PBXProject "OSAGO" */;
			compatibilityVersion = "Xcode 3.2";
			developmentRegion = English;
			hasScannedForEncodings = 0;
			knownRegions = (
				en,
				Base,
			);
			mainGroup = 28EFD27F1E676E6F00CBE053;
			productRefGroup = 28EFD2891E676E6F00CBE053 /* Products */;
			projectDirPath = "";
			projectRoot = "";
			targets = (
				28EFD2871E676E6F00CBE053 /* OSAGO */,
			);
		};
/* End PBXProject section */

/* Begin PBXResourcesBuildPhase section */
		28EFD2861E676E6F00CBE053 /* Resources */ = {
			isa = PBXResourcesBuildPhase;
			buildActionMask = 2147483647;
			files = (
				28EFD2961E676E6F00CBE053 /* LaunchScreen.storyboard in Resources */,
				28EFD2931E676E6F00CBE053 /* Assets.xcassets in Resources */,
				28EFD2911E676E6F00CBE053 /* Main.storyboard in Resources */,
			);
			runOnlyForDeploymentPostprocessing = 0;
		};
/* End PBXResourcesBuildPhase section */

/* Begin PBXSourcesBuildPhase section */
		28EFD2841E676E6F00CBE053 /* Sources */ = {
			isa = PBXSourcesBuildPhase;
			buildActionMask = 2147483647;
			files = (
				2804A9981E68849B0085E9EA /* AppDelegate.swift in Sources */,
				28EFD2A21E67746100CBE053 /* CalcViewController.swift in Sources */,
				28EFD29E1E67717C00CBE053 /* Calculator.swift in Sources */,
			);
			runOnlyForDeploymentPostprocessing = 0;
		};
/* End PBXSourcesBuildPhase section */

/* Begin PBXVariantGroup section */
		28EFD28F1E676E6F00CBE053 /* Main.storyboard */ = {
			isa = PBXVariantGroup;
			children = (
				28EFD2901E676E6F00CBE053 /* Base */,
			);
			name = Main.storyboard;
			sourceTree = "<group>";
		};
		28EFD2941E676E6F00CBE053 /* LaunchScreen.storyboard */ = {
			isa = PBXVariantGroup;
			children = (
				28EFD2951E676E6F00CBE053 /* Base */,
			);
			name = LaunchScreen.storyboard;
			sourceTree = "<group>";
		};
/* End PBXVariantGroup section */

/* Begin XCBuildConfiguration section */
		28EFD2981E676E6F00CBE053 /* Debug */ = {
			isa = XCBuildConfiguration;
			buildSettings = {
				ALWAYS_SEARCH_USER_PATHS = NO;
				CLANG_ANALYZER_NONNULL = YES;
				CLANG_CXX_LANGUAGE_STANDARD = "gnu++0x";
				CLANG_CXX_LIBRARY = "libc++";
				CLANG_ENABLE_MODULES = YES;
				CLANG_ENABLE_OBJC_ARC = YES;
				CLANG_WARN_BOOL_CONVERSION = YES;
				CLANG_WARN_CONSTANT_CONVERSION = YES;
				CLANG_WARN_DIRECT_OBJC_ISA_USAGE = YES_ERROR;
				CLANG_WARN_DOCUMENTATION_COMMENTS = YES;
				CLANG_WARN_EMPTY_BODY = YES;
				CLANG_WARN_ENUM_CONVERSION = YES;
				CLANG_WARN_INFINITE_RECURSION = YES;
				CLANG_WARN_INT_CONVERSION = YES;
				CLANG_WARN_OBJC_ROOT_CLASS = YES_ERROR;
				CLANG_WARN_SUSPICIOUS_MOVE = YES;
				CLANG_WARN_UNREACHABLE_CODE = YES;
				CLANG_WARN__DUPLICATE_METHOD_MATCH = YES;
				"CODE_SIGN_IDENTITY[sdk=iphoneos*]" = "iPhone Developer";
				COPY_PHASE_STRIP = NO;
				DEBUG_INFORMATION_FORMAT = dwarf;
				ENABLE_STRICT_OBJC_MSGSEND = YES;
				ENABLE_TESTABILITY = YES;
				GCC_C_LANGUAGE_STANDARD = gnu99;
				GCC_DYNAMIC_NO_PIC = NO;
				GCC_NO_COMMON_BLOCKS = YES;
				GCC_OPTIMIZATION_LEVEL = 0;
				GCC_PREPROCESSOR_DEFINITIONS = (
					"DEBUG=1",
					"$(inherited)",
				);
				GCC_WARN_64_TO_32_BIT_CONVERSION = YES;
				GCC_WARN_ABOUT_RETURN_TYPE = YES_ERROR;
				GCC_WARN_UNDECLARED_SELECTOR = YES;
				GCC_WARN_UNINITIALIZED_AUTOS = YES_AGGRESSIVE;
				GCC_WARN_UNUSED_FUNCTION = YES;
				GCC_WARN_UNUSED_VARIABLE = YES;
				IPHONEOS_DEPLOYMENT_TARGET = 10.2;
				MTL_ENABLE_DEBUG_INFO = YES;
				ONLY_ACTIVE_ARCH = YES;
				SDKROOT = iphoneos;
				SWIFT_ACTIVE_COMPILATION_CONDITIONS = DEBUG;
				SWIFT_OPTIMIZATION_LEVEL = "-Onone";
			};
			name = Debug;
		};
		28EFD2991E676E6F00CBE053 /* Release */ = {
			isa = XCBuildConfiguration;
			buildSettings = {
				ALWAYS_SEARCH_USER_PATHS = NO;
				CLANG_ANALYZER_NONNULL = YES;
				CLANG_CXX_LANGUAGE_STANDARD = "gnu++0x";
				CLANG_CXX_LIBRARY = "libc++";
				CLANG_ENABLE_MODULES = YES;
				CLANG_ENABLE_OBJC_ARC = YES;
				CLANG_WARN_BOOL_CONVERSION = YES;
				CLANG_WARN_CONSTANT_CONVERSION = YES;
				CLANG_WARN_DIRECT_OBJC_ISA_USAGE = YES_ERROR;
				CLANG_WARN_DOCUMENTATION_COMMENTS = YES;
				CLANG_WARN_EMPTY_BODY = YES;
				CLANG_WARN_ENUM_CONVERSION = YES;
				CLANG_WARN_INFINITE_RECURSION = YES;
				CLANG_WARN_INT_CONVERSION = YES;
				CLANG_WARN_OBJC_ROOT_CLASS = YES_ERROR;
				CLANG_WARN_SUSPICIOUS_MOVE = YES;
				CLANG_WARN_UNREACHABLE_CODE = YES;
				CLANG_WARN__DUPLICATE_METHOD_MATCH = YES;
				"CODE_SIGN_IDENTITY[sdk=iphoneos*]" = "iPhone Developer";
				COPY_PHASE_STRIP = NO;
				DEBUG_INFORMATION_FORMAT = "dwarf-with-dsym";
				ENABLE_NS_ASSERTIONS = NO;
				ENABLE_STRICT_OBJC_MSGSEND = YES;
				GCC_C_LANGUAGE_STANDARD = gnu99;
				GCC_NO_COMMON_BLOCKS = YES;
				GCC_WARN_64_TO_32_BIT_CONVERSION = YES;
				GCC_WARN_ABOUT_RETURN_TYPE = YES_ERROR;
				GCC_WARN_UNDECLARED_SELECTOR = YES;
				GCC_WARN_UNINITIALIZED_AUTOS = YES_AGGRESSIVE;
				GCC_WARN_UNUSED_FUNCTION = YES;
				GCC_WARN_UNUSED_VARIABLE = YES;
				IPHONEOS_DEPLOYMENT_TARGET = 10.2;
				MTL_ENABLE_DEBUG_INFO = NO;
				SDKROOT = iphoneos;
				SWIFT_OPTIMIZATION_LEVEL = "-Owholemodule";
				VALIDATE_PRODUCT = YES;
			};
			name = Release;
		};
		28EFD29B1E676E6F00CBE053 /* Debug */ = {
			isa = XCBuildConfiguration;
			buildSettings = {
				ASSETCATALOG_COMPILER_APPICON_NAME = AppIcon;
				INFOPLIST_FILE = OSAGO/Info.plist;
				LD_RUNPATH_SEARCH_PATHS = "$(inherited) @executable_path/Frameworks";
				PRODUCT_BUNDLE_IDENTIFIER = RA.OSAGO;
				PRODUCT_NAME = "$(TARGET_NAME)";
				SWIFT_VERSION = 3.0;
			};
			name = Debug;
		};
		28EFD29C1E676E6F00CBE053 /* Release */ = {
			isa = XCBuildConfiguration;
			buildSettings = {
				ASSETCATALOG_COMPILER_APPICON_NAME = AppIcon;
				INFOPLIST_FILE = OSAGO/Info.plist;
				LD_RUNPATH_SEARCH_PATHS = "$(inherited) @executable_path/Frameworks";
				PRODUCT_BUNDLE_IDENTIFIER = RA.OSAGO;
				PRODUCT_NAME = "$(TARGET_NAME)";
				SWIFT_VERSION = 3.0;
			};
			name = Release;
		};
/* End XCBuildConfiguration section */

/* Begin XCConfigurationList section */
		28EFD2831E676E6F00CBE053 /* Build configuration list for PBXProject "OSAGO" */ = {
			isa = XCConfigurationList;
			buildConfigurations = (
				28EFD2981E676E6F00CBE053 /* Debug */,
				28EFD2991E676E6F00CBE053 /* Release */,
			);
			defaultConfigurationIsVisible = 0;
			defaultConfigurationName = Release;
		};
		28EFD29A1E676E6F00CBE053 /* Build configuration list for PBXNativeTarget "OSAGO" */ = {
			isa = XCConfigurationList;
			buildConfigurations = (
				28EFD29B1E676E6F00CBE053 /* Debug */,
				28EFD29C1E676E6F00CBE053 /* Release */,
			);
			defaultConfigurationIsVisible = 0;
			defaultConfigurationName = Release;
		};
/* End XCConfigurationList section */
	};
	rootObject = 28EFD2801E676E6F00CBE053 /* Project object */;
}
